
Microsoft Visual Studio Solution File, Format Version 12.00
# Visual Studio Version 16
VisualStudioVersion = 16.0.32106.194
MinimumVisualStudioVersion = 10.0.40219.1
Project("{FAE04EC0-301F-11D3-BF4B-00C04F79EFBC}") = "MVCTraining", "MVCTraining.csproj", "{5F73BC33-0D75-40CA-B5E8-986738265E01}"
EndProject
Global
	GlobalSection(SolutionConfigurationPlatforms) = preSolution
		Debug|Any CPU = Debug|Any CPU
		Release|Any CPU = Release|Any CPU
	EndGlobalSection
	GlobalSection(ProjectConfigurationPlatforms) = postSolution
		{5F73BC33-0D75-40CA-B5E8-986738265E01}.Debug|Any CPU.ActiveCfg = Debug|Any CPU
		{5F73BC33-0D75-40CA-B5E8-986738265E01}.Debug|Any CPU.Build.0 = Debug|Any CPU
		{5F73BC33-0D75-40CA-B5E8-986738265E01}.Release|Any CPU.ActiveCfg = Release|Any CPU
		{5F73BC33-0D75-40CA-B5E8-986738265E01}.Release|Any CPU.Build.0 = Release|Any CPU
	EndGlobalSection
	GlobalSection(SolutionProperties) = preSolution
		HideSolutionNode = FALSE
	EndGlobalSection
	GlobalSection(ExtensibilityGlobals) = postSolution
		SolutionGuid = {94105EC4-8BEF-42B0-8886-72568D60D875}
	EndGlobalSection
EndGlobal
